
Microsoft Visual Studio Solution File, Format Version 12.00
# Visual Studio Version 16
VisualStudioVersion = 16.0.30717.126
MinimumVisualStudioVersion = 10.0.40219.1
Project("{FAE04EC0-301F-11D3-BF4B-00C04F79EFBC}") = "PresentationForm", "PresentationForm\PresentationForm.csproj", "{B5C482BF-107E-4277-A1E4-F31A711A5C4B}"
EndProject
Project("{FAE04EC0-301F-11D3-BF4B-00C04F79EFBC}") = "Globals", "Globals\Globals.csproj", "{E6DBB013-6CA9-4A38-9690-46A0667257D5}"
EndProject
Project("{FAE04EC0-301F-11D3-BF4B-00C04F79EFBC}") = "Datalayer", "Datalayer\Datalayer.csproj", "{E691B3FD-41A4-40B3-A907-9F7DCCF87E6A}"
EndProject
Global
	GlobalSection(SolutionConfigurationPlatforms) = preSolution
		Debug|Any CPU = Debug|Any CPU
		Release|Any CPU = Release|Any CPU
	EndGlobalSection
	GlobalSection(ProjectConfigurationPlatforms) = postSolution
		{B5C482BF-107E-4277-A1E4-F31A711A5C4B}.Debug|Any CPU.ActiveCfg = Debug|Any CPU
		{B5C482BF-107E-4277-A1E4-F31A711A5C4B}.Debug|Any CPU.Build.0 = Debug|Any CPU
		{B5C482BF-107E-4277-A1E4-F31A711A5C4B}.Release|Any CPU.ActiveCfg = Release|Any CPU
		{B5C482BF-107E-4277-A1E4-F31A711A5C4B}.Release|Any CPU.Build.0 = Release|Any CPU
		{E6DBB013-6CA9-4A38-9690-46A0667257D5}.Debug|Any CPU.ActiveCfg = Debug|Any CPU
		{E6DBB013-6CA9-4A38-9690-46A0667257D5}.Debug|Any CPU.Build.0 = Debug|Any CPU
		{E6DBB013-6CA9-4A38-9690-46A0667257D5}.Release|Any CPU.ActiveCfg = Release|Any CPU
		{E6DBB013-6CA9-4A38-9690-46A0667257D5}.Release|Any CPU.Build.0 = Release|Any CPU
		{E691B3FD-41A4-40B3-A907-9F7DCCF87E6A}.Debug|Any CPU.ActiveCfg = Debug|Any CPU
		{E691B3FD-41A4-40B3-A907-9F7DCCF87E6A}.Debug|Any CPU.Build.0 = Debug|Any CPU
		{E691B3FD-41A4-40B3-A907-9F7DCCF87E6A}.Release|Any CPU.ActiveCfg = Release|Any CPU
		{E691B3FD-41A4-40B3-A907-9F7DCCF87E6A}.Release|Any CPU.Build.0 = Release|Any CPU
	EndGlobalSection
	GlobalSection(SolutionProperties) = preSolution
		HideSolutionNode = FALSE
	EndGlobalSection
	GlobalSection(ExtensibilityGlobals) = postSolution
		SolutionGuid = {13FFDCC1-E6F6-4F85-B1C7-D688B1298B4A}
	EndGlobalSection
EndGlobal
